
Microsoft Visual Studio Solution File, Format Version 12.00
# Visual Studio Version 17
VisualStudioVersion = 17.13.35818.85
MinimumVisualStudioVersion = 10.0.40219.1
Project("{FAE04EC0-301F-11D3-BF4B-00C04F79EFBC}") = "ArsalanApp", "ArsalanApp\ArsalanApp.csproj", "{B6FC13F8-6A98-4E76-BBEA-7A046C4D33EE}"
EndProject
Project("{FAE04EC0-301F-11D3-BF4B-00C04F79EFBC}") = "SignalRServer", "SignalRServer\SignalRServer.csproj", "{85E1F839-F5D6-4197-B63F-928F293FDB8B}"
EndProject
Global
	GlobalSection(SolutionConfigurationPlatforms) = preSolution
		Debug|Any CPU = Debug|Any CPU
		Release|Any CPU = Release|Any CPU
	EndGlobalSection
	GlobalSection(ProjectConfigurationPlatforms) = postSolution
		{B6FC13F8-6A98-4E76-BBEA-7A046C4D33EE}.Debug|Any CPU.ActiveCfg = Debug|Any CPU
		{B6FC13F8-6A98-4E76-BBEA-7A046C4D33EE}.Debug|Any CPU.Build.0 = Debug|Any CPU
		{B6FC13F8-6A98-4E76-BBEA-7A046C4D33EE}.Release|Any CPU.ActiveCfg = Release|Any CPU
		{B6FC13F8-6A98-4E76-BBEA-7A046C4D33EE}.Release|Any CPU.Build.0 = Release|Any CPU
		{85E1F839-F5D6-4197-B63F-928F293FDB8B}.Debug|Any CPU.ActiveCfg = Debug|Any CPU
		{85E1F839-F5D6-4197-B63F-928F293FDB8B}.Debug|Any CPU.Build.0 = Debug|Any CPU
		{85E1F839-F5D6-4197-B63F-928F293FDB8B}.Release|Any CPU.ActiveCfg = Release|Any CPU
		{85E1F839-F5D6-4197-B63F-928F293FDB8B}.Release|Any CPU.Build.0 = Release|Any CPU
	EndGlobalSection
	GlobalSection(SolutionProperties) = preSolution
		HideSolutionNode = FALSE
	EndGlobalSection
	GlobalSection(ExtensibilityGlobals) = postSolution
		SolutionGuid = {622697BA-EBA7-411C-9CF2-E4175F9468DA}
	EndGlobalSection
EndGlobal
